
Microsoft Visual Studio Solution File, Format Version 12.00
# Visual Studio 2013
VisualStudioVersion = 12.0.31101.0
MinimumVisualStudioVersion = 10.0.40219.1
Project("{FAE04EC0-301F-11D3-BF4B-00C04F79EFBC}") = "StudentSystem.Models", "StudentSystem.Models\StudentSystem.Models.csproj", "{2F6DBC1B-4A26-4534-9555-11F4B4185808}"
EndProject
Project("{FAE04EC0-301F-11D3-BF4B-00C04F79EFBC}") = "StudentSystem.Data", "StudentSystem.Data\StudentSystem.Data.csproj", "{49B7F55C-A769-4A7F-9A89-C35FC34A9F84}"
EndProject
Project("{FAE04EC0-301F-11D3-BF4B-00C04F79EFBC}") = "StudentSystem.ConsoleClient", "StudentSystem.ConsoleClient\StudentSystem.ConsoleClient.csproj", "{84BFE692-A6F4-4E75-B990-D118728A0532}"
EndProject
Global
	GlobalSection(SolutionConfigurationPlatforms) = preSolution
		Debug|Any CPU = Debug|Any CPU
		Release|Any CPU = Release|Any CPU
	EndGlobalSection
	GlobalSection(ProjectConfigurationPlatforms) = postSolution
		{2F6DBC1B-4A26-4534-9555-11F4B4185808}.Debug|Any CPU.ActiveCfg = Debug|Any CPU
		{2F6DBC1B-4A26-4534-9555-11F4B4185808}.Debug|Any CPU.Build.0 = Debug|Any CPU
		{2F6DBC1B-4A26-4534-9555-11F4B4185808}.Release|Any CPU.ActiveCfg = Release|Any CPU
		{2F6DBC1B-4A26-4534-9555-11F4B4185808}.Release|Any CPU.Build.0 = Release|Any CPU
		{49B7F55C-A769-4A7F-9A89-C35FC34A9F84}.Debug|Any CPU.ActiveCfg = Debug|Any CPU
		{49B7F55C-A769-4A7F-9A89-C35FC34A9F84}.Debug|Any CPU.Build.0 = Debug|Any CPU
		{49B7F55C-A769-4A7F-9A89-C35FC34A9F84}.Release|Any CPU.ActiveCfg = Release|Any CPU
		{49B7F55C-A769-4A7F-9A89-C35FC34A9F84}.Release|Any CPU.Build.0 = Release|Any CPU
		{84BFE692-A6F4-4E75-B990-D118728A0532}.Debug|Any CPU.ActiveCfg = Debug|Any CPU
		{84BFE692-A6F4-4E75-B990-D118728A0532}.Debug|Any CPU.Build.0 = Debug|Any CPU
		{84BFE692-A6F4-4E75-B990-D118728A0532}.Release|Any CPU.ActiveCfg = Release|Any CPU
		{84BFE692-A6F4-4E75-B990-D118728A0532}.Release|Any CPU.Build.0 = Release|Any CPU
	EndGlobalSection
	GlobalSection(SolutionProperties) = preSolution
		HideSolutionNode = FALSE
	EndGlobalSection
EndGlobal
