
Microsoft Visual Studio Solution File, Format Version 12.00
# Visual Studio 2012
Project("{FAE04EC0-301F-11D3-BF4B-00C04F79EFBC}") = "01.NumbersFrom1toN", "0x06.Homework\01.NumbersFrom1toN.csproj", "{DB790CB2-CF2B-4137-A2D5-6C82A24F17FF}"
EndProject
Project("{FAE04EC0-301F-11D3-BF4B-00C04F79EFBC}") = "02.NumbersNotDivisibleBy3", "2.NumbersNotDivisibleBy3\02.NumbersNotDivisibleBy3.csproj", "{0441F835-230B-4494-9D7D-B3C63B37191B}"
EndProject
Project("{FAE04EC0-301F-11D3-BF4B-00C04F79EFBC}") = "03.MinMaxSum", "03.MinMaxSum\03.MinMaxSum.csproj", "{03D16FC9-A16D-4D76-A4A9-60EACE2CAD77}"
EndProject
Project("{FAE04EC0-301F-11D3-BF4B-00C04F79EFBC}") = "04.PrintADeck", "04.PrintADeck\04.PrintADeck.csproj", "{D288574C-58C4-42E6-B289-22E88C957CCA}"
EndProject
Project("{FAE04EC0-301F-11D3-BF4B-00C04F79EFBC}") = "05.CalculateNX", "5.Calculate1+1!\05.CalculateNX.csproj", "{EB39C252-E5D2-4AC2-8288-93276EC30F7E}"
EndProject
Project("{FAE04EC0-301F-11D3-BF4B-00C04F79EFBC}") = "06.CalculateNK", "06.CalculateNK\06.CalculateNK.csproj", "{21661FDE-5949-4F64-BFED-035F6ABCA086}"
EndProject
Project("{FAE04EC0-301F-11D3-BF4B-00C04F79EFBC}") = "07.CalculateNKNK", "07.CalculateNKNK\07.CalculateNKNK.csproj", "{D19E089B-2BBF-4F8B-81D3-6DACA718E395}"
EndProject
Project("{FAE04EC0-301F-11D3-BF4B-00C04F79EFBC}") = "08.CatalanNumber", "08.CatalanNumber\08.CatalanNumber.csproj", "{D1639A22-5F30-457B-AC64-A27FAE3FA259}"
EndProject
Project("{FAE04EC0-301F-11D3-BF4B-00C04F79EFBC}") = "09.Matrix", "10.Matrix\09.Matrix.csproj", "{AB937F9B-4848-4536-BA08-EDFD0F542C73}"
EndProject
Project("{FAE04EC0-301F-11D3-BF4B-00C04F79EFBC}") = "10.OddAndEvenProduct", "10.OddAndEvenProduct\10.OddAndEvenProduct.csproj", "{898EB16A-B4DF-42DE-8BE2-724E3DFA273B}"
EndProject
Project("{FAE04EC0-301F-11D3-BF4B-00C04F79EFBC}") = "11.RandomNumbersInGivenRange", "11.RandomNumbersInGivenRange\11.RandomNumbersInGivenRange.csproj", "{A089F4AE-4FBB-4316-ACC3-887E7E5D1FA2}"
EndProject
Project("{FAE04EC0-301F-11D3-BF4B-00C04F79EFBC}") = "12.RandomizeTheNumberFrom1toN", "12.RandomizeTheNumberFrom1toN\12.RandomizeTheNumberFrom1toN.csproj", "{03BC85D7-0216-42D6-B62F-82A37342D926}"
EndProject
Project("{FAE04EC0-301F-11D3-BF4B-00C04F79EFBC}") = "13.BinToDec", "13.BinToDec\13.BinToDec.csproj", "{641FC671-E9DC-4208-AEAA-84D3FADDD5FF}"
EndProject
Project("{FAE04EC0-301F-11D3-BF4B-00C04F79EFBC}") = "14.DecToBin", "14.DecToBin\14.DecToBin.csproj", "{4D61954D-5259-4C39-81AE-4BF8ECC5C348}"
EndProject
Project("{FAE04EC0-301F-11D3-BF4B-00C04F79EFBC}") = "15.HexToDec", "15.HexToDec\15.HexToDec.csproj", "{1789B36A-EDF2-47BF-94A7-6EBA361EAB37}"
EndProject
Project("{FAE04EC0-301F-11D3-BF4B-00C04F79EFBC}") = "16.DecToHex", "16.DecToHex\16.DecToHex.csproj", "{E532CC52-CDA9-420B-9638-621E3AEB8E6E}"
EndProject
Project("{FAE04EC0-301F-11D3-BF4B-00C04F79EFBC}") = "17.GCD", "17.GCD\17.GCD.csproj", "{4CC5B41C-801E-4809-9D4B-AD80EF78DA8D}"
EndProject
Project("{FAE04EC0-301F-11D3-BF4B-00C04F79EFBC}") = "18.TrailingZeroes", "18.TrailingZeroes\18.TrailingZeroes.csproj", "{5B41888E-DD73-4458-8FD4-B718B61BC978}"
EndProject
Project("{FAE04EC0-301F-11D3-BF4B-00C04F79EFBC}") = "19.SpiralMatrix", "19.SpiralMatrix\19.SpiralMatrix.csproj", "{91A9EEAD-5CA6-4B3B-AA8F-463591B289C6}"
EndProject
Global
	GlobalSection(SolutionConfigurationPlatforms) = preSolution
		Debug|Any CPU = Debug|Any CPU
		Release|Any CPU = Release|Any CPU
	EndGlobalSection
	GlobalSection(ProjectConfigurationPlatforms) = postSolution
		{DB790CB2-CF2B-4137-A2D5-6C82A24F17FF}.Debug|Any CPU.ActiveCfg = Debug|Any CPU
		{DB790CB2-CF2B-4137-A2D5-6C82A24F17FF}.Debug|Any CPU.Build.0 = Debug|Any CPU
		{DB790CB2-CF2B-4137-A2D5-6C82A24F17FF}.Release|Any CPU.ActiveCfg = Release|Any CPU
		{DB790CB2-CF2B-4137-A2D5-6C82A24F17FF}.Release|Any CPU.Build.0 = Release|Any CPU
		{0441F835-230B-4494-9D7D-B3C63B37191B}.Debug|Any CPU.ActiveCfg = Debug|Any CPU
		{0441F835-230B-4494-9D7D-B3C63B37191B}.Debug|Any CPU.Build.0 = Debug|Any CPU
		{0441F835-230B-4494-9D7D-B3C63B37191B}.Release|Any CPU.ActiveCfg = Release|Any CPU
		{0441F835-230B-4494-9D7D-B3C63B37191B}.Release|Any CPU.Build.0 = Release|Any CPU
		{03D16FC9-A16D-4D76-A4A9-60EACE2CAD77}.Debug|Any CPU.ActiveCfg = Debug|Any CPU
		{03D16FC9-A16D-4D76-A4A9-60EACE2CAD77}.Debug|Any CPU.Build.0 = Debug|Any CPU
		{03D16FC9-A16D-4D76-A4A9-60EACE2CAD77}.Release|Any CPU.ActiveCfg = Release|Any CPU
		{03D16FC9-A16D-4D76-A4A9-60EACE2CAD77}.Release|Any CPU.Build.0 = Release|Any CPU
		{D288574C-58C4-42E6-B289-22E88C957CCA}.Debug|Any CPU.ActiveCfg = Debug|Any CPU
		{D288574C-58C4-42E6-B289-22E88C957CCA}.Debug|Any CPU.Build.0 = Debug|Any CPU
		{D288574C-58C4-42E6-B289-22E88C957CCA}.Release|Any CPU.ActiveCfg = Release|Any CPU
		{D288574C-58C4-42E6-B289-22E88C957CCA}.Release|Any CPU.Build.0 = Release|Any CPU
		{EB39C252-E5D2-4AC2-8288-93276EC30F7E}.Debug|Any CPU.ActiveCfg = Debug|Any CPU
		{EB39C252-E5D2-4AC2-8288-93276EC30F7E}.Debug|Any CPU.Build.0 = Debug|Any CPU
		{EB39C252-E5D2-4AC2-8288-93276EC30F7E}.Release|Any CPU.ActiveCfg = Release|Any CPU
		{EB39C252-E5D2-4AC2-8288-93276EC30F7E}.Release|Any CPU.Build.0 = Release|Any CPU
		{21661FDE-5949-4F64-BFED-035F6ABCA086}.Debug|Any CPU.ActiveCfg = Debug|Any CPU
		{21661FDE-5949-4F64-BFED-035F6ABCA086}.Debug|Any CPU.Build.0 = Debug|Any CPU
		{21661FDE-5949-4F64-BFED-035F6ABCA086}.Release|Any CPU.ActiveCfg = Release|Any CPU
		{21661FDE-5949-4F64-BFED-035F6ABCA086}.Release|Any CPU.Build.0 = Release|Any CPU
		{D19E089B-2BBF-4F8B-81D3-6DACA718E395}.Debug|Any CPU.ActiveCfg = Debug|Any CPU
		{D19E089B-2BBF-4F8B-81D3-6DACA718E395}.Debug|Any CPU.Build.0 = Debug|Any CPU
		{D19E089B-2BBF-4F8B-81D3-6DACA718E395}.Release|Any CPU.ActiveCfg = Release|Any CPU
		{D19E089B-2BBF-4F8B-81D3-6DACA718E395}.Release|Any CPU.Build.0 = Release|Any CPU
		{D1639A22-5F30-457B-AC64-A27FAE3FA259}.Debug|Any CPU.ActiveCfg = Debug|Any CPU
		{D1639A22-5F30-457B-AC64-A27FAE3FA259}.Debug|Any CPU.Build.0 = Debug|Any CPU
		{D1639A22-5F30-457B-AC64-A27FAE3FA259}.Release|Any CPU.ActiveCfg = Release|Any CPU
		{D1639A22-5F30-457B-AC64-A27FAE3FA259}.Release|Any CPU.Build.0 = Release|Any CPU
		{AB937F9B-4848-4536-BA08-EDFD0F542C73}.Debug|Any CPU.ActiveCfg = Debug|Any CPU
		{AB937F9B-4848-4536-BA08-EDFD0F542C73}.Debug|Any CPU.Build.0 = Debug|Any CPU
		{AB937F9B-4848-4536-BA08-EDFD0F542C73}.Release|Any CPU.ActiveCfg = Release|Any CPU
		{AB937F9B-4848-4536-BA08-EDFD0F542C73}.Release|Any CPU.Build.0 = Release|Any CPU
		{898EB16A-B4DF-42DE-8BE2-724E3DFA273B}.Debug|Any CPU.ActiveCfg = Debug|Any CPU
		{898EB16A-B4DF-42DE-8BE2-724E3DFA273B}.Debug|Any CPU.Build.0 = Debug|Any CPU
		{898EB16A-B4DF-42DE-8BE2-724E3DFA273B}.Release|Any CPU.ActiveCfg = Release|Any CPU
		{898EB16A-B4DF-42DE-8BE2-724E3DFA273B}.Release|Any CPU.Build.0 = Release|Any CPU
		{A089F4AE-4FBB-4316-ACC3-887E7E5D1FA2}.Debug|Any CPU.ActiveCfg = Debug|Any CPU
		{A089F4AE-4FBB-4316-ACC3-887E7E5D1FA2}.Debug|Any CPU.Build.0 = Debug|Any CPU
		{A089F4AE-4FBB-4316-ACC3-887E7E5D1FA2}.Release|Any CPU.ActiveCfg = Release|Any CPU
		{A089F4AE-4FBB-4316-ACC3-887E7E5D1FA2}.Release|Any CPU.Build.0 = Release|Any CPU
		{03BC85D7-0216-42D6-B62F-82A37342D926}.Debug|Any CPU.ActiveCfg = Debug|Any CPU
		{03BC85D7-0216-42D6-B62F-82A37342D926}.Debug|Any CPU.Build.0 = Debug|Any CPU
		{03BC85D7-0216-42D6-B62F-82A37342D926}.Release|Any CPU.ActiveCfg = Release|Any CPU
		{03BC85D7-0216-42D6-B62F-82A37342D926}.Release|Any CPU.Build.0 = Release|Any CPU
		{641FC671-E9DC-4208-AEAA-84D3FADDD5FF}.Debug|Any CPU.ActiveCfg = Debug|Any CPU
		{641FC671-E9DC-4208-AEAA-84D3FADDD5FF}.Debug|Any CPU.Build.0 = Debug|Any CPU
		{641FC671-E9DC-4208-AEAA-84D3FADDD5FF}.Release|Any CPU.ActiveCfg = Release|Any CPU
		{641FC671-E9DC-4208-AEAA-84D3FADDD5FF}.Release|Any CPU.Build.0 = Release|Any CPU
		{4D61954D-5259-4C39-81AE-4BF8ECC5C348}.Debug|Any CPU.ActiveCfg = Debug|Any CPU
		{4D61954D-5259-4C39-81AE-4BF8ECC5C348}.Debug|Any CPU.Build.0 = Debug|Any CPU
		{4D61954D-5259-4C39-81AE-4BF8ECC5C348}.Release|Any CPU.ActiveCfg = Release|Any CPU
		{4D61954D-5259-4C39-81AE-4BF8ECC5C348}.Release|Any CPU.Build.0 = Release|Any CPU
		{1789B36A-EDF2-47BF-94A7-6EBA361EAB37}.Debug|Any CPU.ActiveCfg = Debug|Any CPU
		{1789B36A-EDF2-47BF-94A7-6EBA361EAB37}.Debug|Any CPU.Build.0 = Debug|Any CPU
		{1789B36A-EDF2-47BF-94A7-6EBA361EAB37}.Release|Any CPU.ActiveCfg = Release|Any CPU
		{1789B36A-EDF2-47BF-94A7-6EBA361EAB37}.Release|Any CPU.Build.0 = Release|Any CPU
		{E532CC52-CDA9-420B-9638-621E3AEB8E6E}.Debug|Any CPU.ActiveCfg = Debug|Any CPU
		{E532CC52-CDA9-420B-9638-621E3AEB8E6E}.Debug|Any CPU.Build.0 = Debug|Any CPU
		{E532CC52-CDA9-420B-9638-621E3AEB8E6E}.Release|Any CPU.ActiveCfg = Release|Any CPU
		{E532CC52-CDA9-420B-9638-621E3AEB8E6E}.Release|Any CPU.Build.0 = Release|Any CPU
		{4CC5B41C-801E-4809-9D4B-AD80EF78DA8D}.Debug|Any CPU.ActiveCfg = Debug|Any CPU
		{4CC5B41C-801E-4809-9D4B-AD80EF78DA8D}.Debug|Any CPU.Build.0 = Debug|Any CPU
		{4CC5B41C-801E-4809-9D4B-AD80EF78DA8D}.Release|Any CPU.ActiveCfg = Release|Any CPU
		{4CC5B41C-801E-4809-9D4B-AD80EF78DA8D}.Release|Any CPU.Build.0 = Release|Any CPU
		{5B41888E-DD73-4458-8FD4-B718B61BC978}.Debug|Any CPU.ActiveCfg = Debug|Any CPU
		{5B41888E-DD73-4458-8FD4-B718B61BC978}.Debug|Any CPU.Build.0 = Debug|Any CPU
		{5B41888E-DD73-4458-8FD4-B718B61BC978}.Release|Any CPU.ActiveCfg = Release|Any CPU
		{5B41888E-DD73-4458-8FD4-B718B61BC978}.Release|Any CPU.Build.0 = Release|Any CPU
		{91A9EEAD-5CA6-4B3B-AA8F-463591B289C6}.Debug|Any CPU.ActiveCfg = Debug|Any CPU
		{91A9EEAD-5CA6-4B3B-AA8F-463591B289C6}.Debug|Any CPU.Build.0 = Debug|Any CPU
		{91A9EEAD-5CA6-4B3B-AA8F-463591B289C6}.Release|Any CPU.ActiveCfg = Release|Any CPU
		{91A9EEAD-5CA6-4B3B-AA8F-463591B289C6}.Release|Any CPU.Build.0 = Release|Any CPU
	EndGlobalSection
	GlobalSection(SolutionProperties) = preSolution
		HideSolutionNode = FALSE
	EndGlobalSection
EndGlobal
