
Microsoft Visual Studio Solution File, Format Version 12.00
# Visual Studio 2012
Project("{FAE04EC0-301F-11D3-BF4B-00C04F79EFBC}") = "01.OddOrEven", "01.OddOrEven\01.OddOrEven.csproj", "{04DE1144-476B-4BC3-9443-ED7099AB572B}"
EndProject
Project("{FAE04EC0-301F-11D3-BF4B-00C04F79EFBC}") = "02.GravitationOnTheMoon", "02.GravitationOnTheMoon\02.GravitationOnTheMoon.csproj", "{B7B7F0D0-8078-491F-858F-0207BDDBAD79}"
EndProject
Project("{FAE04EC0-301F-11D3-BF4B-00C04F79EFBC}") = "03.DivideBy7and5", "DivideBy7and5\03.DivideBy7and5.csproj", "{C8C1E97E-E8F7-45C8-A192-C378BD458732}"
EndProject
Project("{FAE04EC0-301F-11D3-BF4B-00C04F79EFBC}") = "04.Rectangles", "04.Rectangles\04.Rectangles.csproj", "{9AA0C662-4491-48E6-852E-7430428922C6}"
EndProject
Project("{FAE04EC0-301F-11D3-BF4B-00C04F79EFBC}") = "05.ThirdDigitIs7", "FourDigitNumber\05.ThirdDigitIs7.csproj", "{AD6AC13C-2F45-4EF8-814E-21A4B9F7BA41}"
EndProject
Project("{FAE04EC0-301F-11D3-BF4B-00C04F79EFBC}") = "06.FourDigitNumber", "06.FourDigitNumber\06.FourDigitNumber.csproj", "{3FF1EDD9-D459-48E8-9368-1C57BF0A8443}"
EndProject
Project("{FAE04EC0-301F-11D3-BF4B-00C04F79EFBC}") = "07.PointInACircle", "07.PointInACircle\07.PointInACircle.csproj", "{266D14E9-F521-4F50-91EF-D6A4A5BEAC16}"
EndProject
Project("{FAE04EC0-301F-11D3-BF4B-00C04F79EFBC}") = "08.PrimeNumberCheck", "08.PrimeNumberCheck\08.PrimeNumberCheck.csproj", "{29DDBD1C-6E19-4716-9CD2-5DF681FF467A}"
EndProject
Project("{FAE04EC0-301F-11D3-BF4B-00C04F79EFBC}") = "09.Trapezoid", "09.Trapezoid\09.Trapezoid.csproj", "{77CAD0FC-A23C-4E80-8EE0-F842F1306319}"
EndProject
Project("{FAE04EC0-301F-11D3-BF4B-00C04F79EFBC}") = "10.PointInsideCircleAndOutsideOfRectangle", "10.Poin InsideCircleAndOutsideOfRectangle\10.PointInsideCircleAndOutsideOfRectangle.csproj", "{CBE20596-295F-4B18-BDB3-2E8005CE769C}"
EndProject
Project("{FAE04EC0-301F-11D3-BF4B-00C04F79EFBC}") = "11.BitwiseExtractBit3", "BitwiseExtractBit3\11.BitwiseExtractBit3.csproj", "{19E4766F-BF15-4A05-B158-2C39C7F1B2FA}"
EndProject
Project("{FAE04EC0-301F-11D3-BF4B-00C04F79EFBC}") = "12.ExtractBitFromInteger", "12.ExtractBitFromInteger\12.ExtractBitFromInteger.csproj", "{D58C5748-7015-4580-BBF7-FAE40565A9A7}"
EndProject
Project("{FAE04EC0-301F-11D3-BF4B-00C04F79EFBC}") = "13.CheckABitAtPosition", "CheckABitAtPosition\13.CheckABitAtPosition.csproj", "{53E64334-3D15-43F0-9ABE-66D09954E477}"
EndProject
Project("{FAE04EC0-301F-11D3-BF4B-00C04F79EFBC}") = "14.ModifyABitFromPosition", "14.ModifyABitFromPosition\14.ModifyABitFromPosition.csproj", "{5814094F-0294-4957-82DA-0CA6F646627B}"
EndProject
Project("{FAE04EC0-301F-11D3-BF4B-00C04F79EFBC}") = "15.BitExchange", "15.BitExchange\15.BitExchange.csproj", "{68F35173-8044-4DC5-AC6D-B9968145BF53}"
EndProject
Project("{FAE04EC0-301F-11D3-BF4B-00C04F79EFBC}") = "16.BitExchange", "16.BitExchange\16.BitExchange.csproj", "{003DD46A-7249-429E-A2C5-0A47B0CAED49}"
EndProject
Global
	GlobalSection(SolutionConfigurationPlatforms) = preSolution
		Debug|Any CPU = Debug|Any CPU
		Release|Any CPU = Release|Any CPU
	EndGlobalSection
	GlobalSection(ProjectConfigurationPlatforms) = postSolution
		{04DE1144-476B-4BC3-9443-ED7099AB572B}.Debug|Any CPU.ActiveCfg = Debug|Any CPU
		{04DE1144-476B-4BC3-9443-ED7099AB572B}.Debug|Any CPU.Build.0 = Debug|Any CPU
		{04DE1144-476B-4BC3-9443-ED7099AB572B}.Release|Any CPU.ActiveCfg = Release|Any CPU
		{04DE1144-476B-4BC3-9443-ED7099AB572B}.Release|Any CPU.Build.0 = Release|Any CPU
		{B7B7F0D0-8078-491F-858F-0207BDDBAD79}.Debug|Any CPU.ActiveCfg = Debug|Any CPU
		{B7B7F0D0-8078-491F-858F-0207BDDBAD79}.Debug|Any CPU.Build.0 = Debug|Any CPU
		{B7B7F0D0-8078-491F-858F-0207BDDBAD79}.Release|Any CPU.ActiveCfg = Release|Any CPU
		{B7B7F0D0-8078-491F-858F-0207BDDBAD79}.Release|Any CPU.Build.0 = Release|Any CPU
		{C8C1E97E-E8F7-45C8-A192-C378BD458732}.Debug|Any CPU.ActiveCfg = Debug|Any CPU
		{C8C1E97E-E8F7-45C8-A192-C378BD458732}.Debug|Any CPU.Build.0 = Debug|Any CPU
		{C8C1E97E-E8F7-45C8-A192-C378BD458732}.Release|Any CPU.ActiveCfg = Release|Any CPU
		{C8C1E97E-E8F7-45C8-A192-C378BD458732}.Release|Any CPU.Build.0 = Release|Any CPU
		{9AA0C662-4491-48E6-852E-7430428922C6}.Debug|Any CPU.ActiveCfg = Debug|Any CPU
		{9AA0C662-4491-48E6-852E-7430428922C6}.Debug|Any CPU.Build.0 = Debug|Any CPU
		{9AA0C662-4491-48E6-852E-7430428922C6}.Release|Any CPU.ActiveCfg = Release|Any CPU
		{9AA0C662-4491-48E6-852E-7430428922C6}.Release|Any CPU.Build.0 = Release|Any CPU
		{AD6AC13C-2F45-4EF8-814E-21A4B9F7BA41}.Debug|Any CPU.ActiveCfg = Debug|Any CPU
		{AD6AC13C-2F45-4EF8-814E-21A4B9F7BA41}.Debug|Any CPU.Build.0 = Debug|Any CPU
		{AD6AC13C-2F45-4EF8-814E-21A4B9F7BA41}.Release|Any CPU.ActiveCfg = Release|Any CPU
		{AD6AC13C-2F45-4EF8-814E-21A4B9F7BA41}.Release|Any CPU.Build.0 = Release|Any CPU
		{3FF1EDD9-D459-48E8-9368-1C57BF0A8443}.Debug|Any CPU.ActiveCfg = Debug|Any CPU
		{3FF1EDD9-D459-48E8-9368-1C57BF0A8443}.Debug|Any CPU.Build.0 = Debug|Any CPU
		{3FF1EDD9-D459-48E8-9368-1C57BF0A8443}.Release|Any CPU.ActiveCfg = Release|Any CPU
		{3FF1EDD9-D459-48E8-9368-1C57BF0A8443}.Release|Any CPU.Build.0 = Release|Any CPU
		{266D14E9-F521-4F50-91EF-D6A4A5BEAC16}.Debug|Any CPU.ActiveCfg = Debug|Any CPU
		{266D14E9-F521-4F50-91EF-D6A4A5BEAC16}.Debug|Any CPU.Build.0 = Debug|Any CPU
		{266D14E9-F521-4F50-91EF-D6A4A5BEAC16}.Release|Any CPU.ActiveCfg = Release|Any CPU
		{266D14E9-F521-4F50-91EF-D6A4A5BEAC16}.Release|Any CPU.Build.0 = Release|Any CPU
		{29DDBD1C-6E19-4716-9CD2-5DF681FF467A}.Debug|Any CPU.ActiveCfg = Debug|Any CPU
		{29DDBD1C-6E19-4716-9CD2-5DF681FF467A}.Debug|Any CPU.Build.0 = Debug|Any CPU
		{29DDBD1C-6E19-4716-9CD2-5DF681FF467A}.Release|Any CPU.ActiveCfg = Release|Any CPU
		{29DDBD1C-6E19-4716-9CD2-5DF681FF467A}.Release|Any CPU.Build.0 = Release|Any CPU
		{77CAD0FC-A23C-4E80-8EE0-F842F1306319}.Debug|Any CPU.ActiveCfg = Debug|Any CPU
		{77CAD0FC-A23C-4E80-8EE0-F842F1306319}.Debug|Any CPU.Build.0 = Debug|Any CPU
		{77CAD0FC-A23C-4E80-8EE0-F842F1306319}.Release|Any CPU.ActiveCfg = Release|Any CPU
		{77CAD0FC-A23C-4E80-8EE0-F842F1306319}.Release|Any CPU.Build.0 = Release|Any CPU
		{CBE20596-295F-4B18-BDB3-2E8005CE769C}.Debug|Any CPU.ActiveCfg = Debug|Any CPU
		{CBE20596-295F-4B18-BDB3-2E8005CE769C}.Debug|Any CPU.Build.0 = Debug|Any CPU
		{CBE20596-295F-4B18-BDB3-2E8005CE769C}.Release|Any CPU.ActiveCfg = Release|Any CPU
		{CBE20596-295F-4B18-BDB3-2E8005CE769C}.Release|Any CPU.Build.0 = Release|Any CPU
		{19E4766F-BF15-4A05-B158-2C39C7F1B2FA}.Debug|Any CPU.ActiveCfg = Debug|Any CPU
		{19E4766F-BF15-4A05-B158-2C39C7F1B2FA}.Debug|Any CPU.Build.0 = Debug|Any CPU
		{19E4766F-BF15-4A05-B158-2C39C7F1B2FA}.Release|Any CPU.ActiveCfg = Release|Any CPU
		{19E4766F-BF15-4A05-B158-2C39C7F1B2FA}.Release|Any CPU.Build.0 = Release|Any CPU
		{D58C5748-7015-4580-BBF7-FAE40565A9A7}.Debug|Any CPU.ActiveCfg = Debug|Any CPU
		{D58C5748-7015-4580-BBF7-FAE40565A9A7}.Debug|Any CPU.Build.0 = Debug|Any CPU
		{D58C5748-7015-4580-BBF7-FAE40565A9A7}.Release|Any CPU.ActiveCfg = Release|Any CPU
		{D58C5748-7015-4580-BBF7-FAE40565A9A7}.Release|Any CPU.Build.0 = Release|Any CPU
		{53E64334-3D15-43F0-9ABE-66D09954E477}.Debug|Any CPU.ActiveCfg = Debug|Any CPU
		{53E64334-3D15-43F0-9ABE-66D09954E477}.Debug|Any CPU.Build.0 = Debug|Any CPU
		{53E64334-3D15-43F0-9ABE-66D09954E477}.Release|Any CPU.ActiveCfg = Release|Any CPU
		{53E64334-3D15-43F0-9ABE-66D09954E477}.Release|Any CPU.Build.0 = Release|Any CPU
		{5814094F-0294-4957-82DA-0CA6F646627B}.Debug|Any CPU.ActiveCfg = Debug|Any CPU
		{5814094F-0294-4957-82DA-0CA6F646627B}.Debug|Any CPU.Build.0 = Debug|Any CPU
		{5814094F-0294-4957-82DA-0CA6F646627B}.Release|Any CPU.ActiveCfg = Release|Any CPU
		{5814094F-0294-4957-82DA-0CA6F646627B}.Release|Any CPU.Build.0 = Release|Any CPU
		{68F35173-8044-4DC5-AC6D-B9968145BF53}.Debug|Any CPU.ActiveCfg = Debug|Any CPU
		{68F35173-8044-4DC5-AC6D-B9968145BF53}.Debug|Any CPU.Build.0 = Debug|Any CPU
		{68F35173-8044-4DC5-AC6D-B9968145BF53}.Release|Any CPU.ActiveCfg = Release|Any CPU
		{68F35173-8044-4DC5-AC6D-B9968145BF53}.Release|Any CPU.Build.0 = Release|Any CPU
		{003DD46A-7249-429E-A2C5-0A47B0CAED49}.Debug|Any CPU.ActiveCfg = Debug|Any CPU
		{003DD46A-7249-429E-A2C5-0A47B0CAED49}.Debug|Any CPU.Build.0 = Debug|Any CPU
		{003DD46A-7249-429E-A2C5-0A47B0CAED49}.Release|Any CPU.ActiveCfg = Release|Any CPU
		{003DD46A-7249-429E-A2C5-0A47B0CAED49}.Release|Any CPU.Build.0 = Release|Any CPU
	EndGlobalSection
	GlobalSection(SolutionProperties) = preSolution
		HideSolutionNode = FALSE
	EndGlobalSection
EndGlobal
